
Microsoft Visual Studio Solution File, Format Version 12.00
# Visual Studio Version 17
VisualStudioVersion = 17.10.35122.118
MinimumVisualStudioVersion = 10.0.40219.1
Project("{FAE04EC0-301F-11D3-BF4B-00C04F79EFBC}") = "TextTranscoder", "TextTranscoder\TextTranscoder.csproj", "{23DEAAEB-1C32-4718-BD31-3C5BFAA41155}"
EndProject
Global
	GlobalSection(SolutionConfigurationPlatforms) = preSolution
		Debug|Any CPU = Debug|Any CPU
		Release|Any CPU = Release|Any CPU
	EndGlobalSection
	GlobalSection(ProjectConfigurationPlatforms) = postSolution
		{23DEAAEB-1C32-4718-BD31-3C5BFAA41155}.Debug|Any CPU.ActiveCfg = Debug|Any CPU
		{23DEAAEB-1C32-4718-BD31-3C5BFAA41155}.Debug|Any CPU.Build.0 = Debug|Any CPU
		{23DEAAEB-1C32-4718-BD31-3C5BFAA41155}.Release|Any CPU.ActiveCfg = Release|Any CPU
		{23DEAAEB-1C32-4718-BD31-3C5BFAA41155}.Release|Any CPU.Build.0 = Release|Any CPU
	EndGlobalSection
	GlobalSection(SolutionProperties) = preSolution
		HideSolutionNode = FALSE
	EndGlobalSection
	GlobalSection(ExtensibilityGlobals) = postSolution
		SolutionGuid = {F79A5751-F600-4D2D-B34A-FD255B005804}
	EndGlobalSection
EndGlobal
